
Microsoft Visual Studio Solution File, Format Version 12.00
# Visual Studio Version 17
VisualStudioVersion = 17.4.33103.184
MinimumVisualStudioVersion = 10.0.40219.1
Project("{FAE04EC0-301F-11D3-BF4B-00C04F79EFBC}") = "HotelMangementSystem", "HotelMangementSystem\HotelMangementSystem.csproj", "{690F5DA5-BE54-49A9-BF7C-9FFEAB280312}"
EndProject
Project("{54435603-DBB4-11D2-8724-00A0C9A8B90C}") = "OtelSetup", "OtelSetup\OtelSetup.vdproj", "{6EAE39FA-FEA5-4E51-A97B-D231F8F151B6}"
EndProject
Global
	GlobalSection(SolutionConfigurationPlatforms) = preSolution
		Debug|Any CPU = Debug|Any CPU
		Release|Any CPU = Release|Any CPU
	EndGlobalSection
	GlobalSection(ProjectConfigurationPlatforms) = postSolution
		{690F5DA5-BE54-49A9-BF7C-9FFEAB280312}.Debug|Any CPU.ActiveCfg = Debug|Any CPU
		{690F5DA5-BE54-49A9-BF7C-9FFEAB280312}.Debug|Any CPU.Build.0 = Debug|Any CPU
		{690F5DA5-BE54-49A9-BF7C-9FFEAB280312}.Release|Any CPU.ActiveCfg = Release|Any CPU
		{690F5DA5-BE54-49A9-BF7C-9FFEAB280312}.Release|Any CPU.Build.0 = Release|Any CPU
		{6EAE39FA-FEA5-4E51-A97B-D231F8F151B6}.Debug|Any CPU.ActiveCfg = Debug
		{6EAE39FA-FEA5-4E51-A97B-D231F8F151B6}.Release|Any CPU.ActiveCfg = Release
	EndGlobalSection
	GlobalSection(SolutionProperties) = preSolution
		HideSolutionNode = FALSE
	EndGlobalSection
	GlobalSection(ExtensibilityGlobals) = postSolution
		SolutionGuid = {1BC2F76C-F5EB-4BBC-AB6B-DEC05671F165}
	EndGlobalSection
EndGlobal
